
Microsoft Visual Studio Solution File, Format Version 12.00
# Visual Studio 14
VisualStudioVersion = 14.0.23107.0
MinimumVisualStudioVersion = 10.0.40219.1
Project("{8BC9CEB8-8B4A-11D0-8D11-00A0C91BC942}") = "DataStructures", "DataStructures\DataStructures.vcxproj", "{CDF283DB-C798-4B04-B11A-9DAE2F01F3A0}"
EndProject
Project("{8BC9CEB8-8B4A-11D0-8D11-00A0C91BC942}") = "DataStructuresTests", "DataStructuresTests\DataStructuresTests.vcxproj", "{407DA7E2-13F2-42FB-BD5F-AFAAB49D0EC4}"
EndProject
Project("{8BC9CEB8-8B4A-11D0-8D11-00A0C91BC942}") = "NumberTheory", "NumberTheory\NumberTheory.vcxproj", "{6A772CD1-0FBB-4560-BE03-5AA7AF2788ED}"
EndProject
Project("{8BC9CEB8-8B4A-11D0-8D11-00A0C91BC942}") = "NumberTheoryTests", "NumberTheoryTests\NumberTheoryTests.vcxproj", "{A9961BF6-E779-4C35-94C7-077769AFBDEA}"
	ProjectSection(ProjectDependencies) = postProject
		{6A772CD1-0FBB-4560-BE03-5AA7AF2788ED} = {6A772CD1-0FBB-4560-BE03-5AA7AF2788ED}
	EndProjectSection
EndProject
Global
	GlobalSection(SolutionConfigurationPlatforms) = preSolution
		Debug|x64 = Debug|x64
		Debug|x86 = Debug|x86
		Release|x64 = Release|x64
		Release|x86 = Release|x86
	EndGlobalSection
	GlobalSection(ProjectConfigurationPlatforms) = postSolution
		{CDF283DB-C798-4B04-B11A-9DAE2F01F3A0}.Debug|x64.ActiveCfg = Debug|x64
		{CDF283DB-C798-4B04-B11A-9DAE2F01F3A0}.Debug|x64.Build.0 = Debug|x64
		{CDF283DB-C798-4B04-B11A-9DAE2F01F3A0}.Debug|x86.ActiveCfg = Debug|Win32
		{CDF283DB-C798-4B04-B11A-9DAE2F01F3A0}.Debug|x86.Build.0 = Debug|Win32
		{CDF283DB-C798-4B04-B11A-9DAE2F01F3A0}.Release|x64.ActiveCfg = Release|x64
		{CDF283DB-C798-4B04-B11A-9DAE2F01F3A0}.Release|x64.Build.0 = Release|x64
		{CDF283DB-C798-4B04-B11A-9DAE2F01F3A0}.Release|x86.ActiveCfg = Release|Win32
		{CDF283DB-C798-4B04-B11A-9DAE2F01F3A0}.Release|x86.Build.0 = Release|Win32
		{407DA7E2-13F2-42FB-BD5F-AFAAB49D0EC4}.Debug|x64.ActiveCfg = Debug|x64
		{407DA7E2-13F2-42FB-BD5F-AFAAB49D0EC4}.Debug|x64.Build.0 = Debug|x64
		{407DA7E2-13F2-42FB-BD5F-AFAAB49D0EC4}.Debug|x86.ActiveCfg = Debug|Win32
		{407DA7E2-13F2-42FB-BD5F-AFAAB49D0EC4}.Debug|x86.Build.0 = Debug|Win32
		{407DA7E2-13F2-42FB-BD5F-AFAAB49D0EC4}.Release|x64.ActiveCfg = Release|x64
		{407DA7E2-13F2-42FB-BD5F-AFAAB49D0EC4}.Release|x64.Build.0 = Release|x64
		{407DA7E2-13F2-42FB-BD5F-AFAAB49D0EC4}.Release|x86.ActiveCfg = Release|Win32
		{407DA7E2-13F2-42FB-BD5F-AFAAB49D0EC4}.Release|x86.Build.0 = Release|Win32
		{6A772CD1-0FBB-4560-BE03-5AA7AF2788ED}.Debug|x64.ActiveCfg = Debug|x64
		{6A772CD1-0FBB-4560-BE03-5AA7AF2788ED}.Debug|x64.Build.0 = Debug|x64
		{6A772CD1-0FBB-4560-BE03-5AA7AF2788ED}.Debug|x86.ActiveCfg = Debug|Win32
		{6A772CD1-0FBB-4560-BE03-5AA7AF2788ED}.Debug|x86.Build.0 = Debug|Win32
		{6A772CD1-0FBB-4560-BE03-5AA7AF2788ED}.Release|x64.ActiveCfg = Release|x64
		{6A772CD1-0FBB-4560-BE03-5AA7AF2788ED}.Release|x64.Build.0 = Release|x64
		{6A772CD1-0FBB-4560-BE03-5AA7AF2788ED}.Release|x86.ActiveCfg = Release|Win32
		{6A772CD1-0FBB-4560-BE03-5AA7AF2788ED}.Release|x86.Build.0 = Release|Win32
		{A9961BF6-E779-4C35-94C7-077769AFBDEA}.Debug|x64.ActiveCfg = Debug|x64
		{A9961BF6-E779-4C35-94C7-077769AFBDEA}.Debug|x64.Build.0 = Debug|x64
		{A9961BF6-E779-4C35-94C7-077769AFBDEA}.Debug|x86.ActiveCfg = Debug|Win32
		{A9961BF6-E779-4C35-94C7-077769AFBDEA}.Debug|x86.Build.0 = Debug|Win32
		{A9961BF6-E779-4C35-94C7-077769AFBDEA}.Release|x64.ActiveCfg = Release|x64
		{A9961BF6-E779-4C35-94C7-077769AFBDEA}.Release|x64.Build.0 = Release|x64
		{A9961BF6-E779-4C35-94C7-077769AFBDEA}.Release|x86.ActiveCfg = Release|Win32
		{A9961BF6-E779-4C35-94C7-077769AFBDEA}.Release|x86.Build.0 = Release|Win32
	EndGlobalSection
	GlobalSection(SolutionProperties) = preSolution
		HideSolutionNode = FALSE
	EndGlobalSection
EndGlobal
